
Microsoft Visual Studio Solution File, Format Version 12.00
# Visual Studio Version 17
VisualStudioVersion = 17.6.33829.357
MinimumVisualStudioVersion = 10.0.40219.1
Project("{9A19103F-16F7-4668-BE54-9A1E7A4F7556}") = "WE.DotNetStandard4Win", "WE.DotNetStandard4Win\WE.DotNetStandard4Win.csproj", "{24CDEA53-EF31-401E-B44D-98F656EBA65F}"
EndProject
Project("{FAE04EC0-301F-11D3-BF4B-00C04F79EFBC}") = "WE.DotNet4Win", "WE.DotNet4Win\WE.DotNet4Win.csproj", "{BA390CAD-1944-42D6-BE03-AF85C8E41736}"
EndProject
Global
	GlobalSection(SolutionConfigurationPlatforms) = preSolution
		Debug|Any CPU = Debug|Any CPU
		Release|Any CPU = Release|Any CPU
	EndGlobalSection
	GlobalSection(ProjectConfigurationPlatforms) = postSolution
		{24CDEA53-EF31-401E-B44D-98F656EBA65F}.Debug|Any CPU.ActiveCfg = Debug|Any CPU
		{24CDEA53-EF31-401E-B44D-98F656EBA65F}.Debug|Any CPU.Build.0 = Debug|Any CPU
		{24CDEA53-EF31-401E-B44D-98F656EBA65F}.Release|Any CPU.ActiveCfg = Release|Any CPU
		{24CDEA53-EF31-401E-B44D-98F656EBA65F}.Release|Any CPU.Build.0 = Release|Any CPU
		{BA390CAD-1944-42D6-BE03-AF85C8E41736}.Debug|Any CPU.ActiveCfg = Debug|Any CPU
		{BA390CAD-1944-42D6-BE03-AF85C8E41736}.Debug|Any CPU.Build.0 = Debug|Any CPU
		{BA390CAD-1944-42D6-BE03-AF85C8E41736}.Release|Any CPU.ActiveCfg = Release|Any CPU
		{BA390CAD-1944-42D6-BE03-AF85C8E41736}.Release|Any CPU.Build.0 = Release|Any CPU
	EndGlobalSection
	GlobalSection(SolutionProperties) = preSolution
		HideSolutionNode = FALSE
	EndGlobalSection
	GlobalSection(ExtensibilityGlobals) = postSolution
		SolutionGuid = {7E29BC2B-4943-44BF-BCBF-7FFD2DC18E41}
	EndGlobalSection
EndGlobal
